dependencies:
- name: wharf-helm
  repository: file://../wharf-helm
  version: 3.2.0
- name: wharf-cmd
  repository: file://../wharf-cmd
  version: 0.2.0
- name: postgresql
  repository: https://charts.bitnami.com/bitnami
  version: 11.1.28
digest: sha256:948e12c72c3a90acd82c34ed077893bf3a087778ef1d3e000531ab3212f0fca0
generated: "2022-05-10T13:30:38.103348635+02:00"
